// !$*UTF8*$!
{
	archiveVersion = 1;
	classes = {
	};
	objectVersion = 56;
	objects = {

/* Begin PBXBuildFile section */
		8B235BD82B560B080018C205 /* AppDelegate.swift in Sources */ = {isa = PBXBuildFile; fileRef = 8B235BD72B560B080018C205 /* AppDelegate.swift */; };
		8B235BDA2B560B080018C205 /* SceneDelegate.swift in Sources */ = {isa = PBXBuildFile; fileRef = 8B235BD92B560B080018C205 /* SceneDelegate.swift */; };
		8B235BE12B560B0E0018C205 /* Assets.xcassets in Resources */ = {isa = PBXBuildFile; fileRef = 8B235BE02B560B0E0018C205 /* Assets.xcassets */; };
		8B235BE42B560B0E0018C205 /* LaunchScreen.storyboard in Resources */ = {isa = PBXBuildFile; fileRef = 8B235BE22B560B0E0018C205 /* LaunchScreen.storyboard */; };
		8B235BEF2B560B0E0018C205 /* DemoAppTests.swift in Sources */ = {isa = PBXBuildFile; fileRef = 8B235BEE2B560B0E0018C205 /* DemoAppTests.swift */; };
		8B235BF92B560B0E0018C205 /* DemoAppUITests.swift in Sources */ = {isa = PBXBuildFile; fileRef = 8B235BF82B560B0E0018C205 /* DemoAppUITests.swift */; };
		8B235BFB2B560B0E0018C205 /* DemoAppUITestsLaunchTests.swift in Sources */ = {isa = PBXBuildFile; fileRef = 8B235BFA2B560B0E0018C205 /* DemoAppUITestsLaunchTests.swift */; };
/* End PBXBuildFile section */

/* Begin PBXContainerItemProxy section */
		8B235BEB2B560B0E0018C205 /* PBXContainerItemProxy */ = {
			isa = PBXContainerItemProxy;
			containerPortal = 8B235BCC2B560B080018C205 /* Project object */;
			proxyType = 1;
			remoteGlobalIDString = 8B235BD32B560B080018C205;
			remoteInfo = DemoApp;
		};
		8B235BF52B560B0E0018C205 /* PBXContainerItemProxy */ = {
			isa = PBXContainerItemProxy;
			containerPortal = 8B235BCC2B560B080018C205 /* Project object */;
			proxyType = 1;
			remoteGlobalIDString = 8B235BD32B560B080018C205;
			remoteInfo = DemoApp;
		};
/* End PBXContainerItemProxy section */

/* Begin PBXFileReference section */
		8B235BD42B560B080018C205 /* DemoApp.app */ = {isa = PBXFileReference; explicitFileType = wrapper.application; includeInIndex = 0; path = DemoApp.app; sourceTree = BUILT_PRODUCTS_DIR; };
		8B235BD72B560B080018C205 /* AppDelegate.swift */ = {isa = PBXFileReference; lastKnownFileType = sourcecode.swift; path = AppDelegate.swift; sourceTree = "<group>"; };
		8B235BD92B560B080018C205 /* SceneDelegate.swift */ = {isa = PBXFileReference; lastKnownFileType = sourcecode.swift; path = SceneDelegate.swift; sourceTree = "<group>"; };
		8B235BE02B560B0E0018C205 /* Assets.xcassets */ = {isa = PBXFileReference; lastKnownFileType = folder.assetcatalog; path = Assets.xcassets; sourceTree = "<group>"; };
		8B235BE32B560B0E0018C205 /* Base */ = {isa = PBXFileReference; lastKnownFileType = file.storyboard; name = Base; path = Base.lproj/LaunchScreen.storyboard; sourceTree = "<group>"; };
		8B235BE52B560B0E0018C205 /* Info.plist */ = {isa = PBXFileReference; lastKnownFileType = text.plist.xml; path = Info.plist; sourceTree = "<group>"; };
		8B235BEA2B560B0E0018C205 /* DemoAppTests.xctest */ = {isa = PBXFileReference; explicitFileType = wrapper.cfbundle; includeInIndex = 0; path = DemoAppTests.xctest; sourceTree = BUILT_PRODUCTS_DIR; };
		8B235BEE2B560B0E0018C205 /* DemoAppTests.swift */ = {isa = PBXFileReference; lastKnownFileType = sourcecode.swift; path = DemoAppTests.swift; sourceTree = "<group>"; };
		8B235BF42B560B0E0018C205 /* DemoAppUITests.xctest */ = {isa = PBXFileReference; explicitFileType = wrapper.cfbundle; includeInIndex = 0; path = DemoAppUITests.xctest; sourceTree = BUILT_PRODUCTS_DIR; };
		8B235BF82B560B0E0018C205 /* DemoAppUITests.swift */ = {isa = PBXFileReference; lastKnownFileType = sourcecode.swift; path = DemoAppUITests.swift; sourceTree = "<group>"; };
		8B235BFA2B560B0E0018C205 /* DemoAppUITestsLaunchTests.swift */ = {isa = PBXFileReference; lastKnownFileType = sourcecode.swift; path = DemoAppUITestsLaunchTests.swift; sourceTree = "<group>"; };
/* End PBXFileReference section */

/* Begin PBXFrameworksBuildPhase section */
		8B235BD12B560B080018C205 /* Frameworks */ = {
			isa = PBXFrameworksBuildPhase;
			buildActionMask = 2147483647;
			files = (
			);
			runOnlyForDeploymentPostprocessing = 0;
		};
		8B235BE72B560B0E0018C205 /* Frameworks */ = {
			isa = PBXFrameworksBuildPhase;
			buildActionMask = 2147483647;
			files = (
			);
			runOnlyForDeploymentPostprocessing = 0;
		};
		8B235BF12B560B0E0018C205 /* Frameworks */ = {
			isa = PBXFrameworksBuildPhase;
			buildActionMask = 2147483647;
			files = (
			);
			runOnlyForDeploymentPostprocessing = 0;
		};
/* End PBXFrameworksBuildPhase section */

/* Begin PBXGroup section */
		8B235BCB2B560B080018C205 = {
			isa = PBXGroup;
			children = (
				8B235BD62B560B080018C205 /* DemoApp */,
				8B235BED2B560B0E0018C205 /* DemoAppTests */,
				8B235BF72B560B0E0018C205 /* DemoAppUITests */,
				8B235BD52B560B080018C205 /* Products */,
			);
			sourceTree = "<group>";
		};
		8B235BD52B560B080018C205 /* Products */ = {
			isa = PBXGroup;
			children = (
				8B235BD42B560B080018C205 /* DemoApp.app */,
				8B235BEA2B560B0E0018C205 /* DemoAppTests.xctest */,
				8B235BF42B560B0E0018C205 /* DemoAppUITests.xctest */,
			);
			name = Products;
			sourceTree = "<group>";
		};
		8B235BD62B560B080018C205 /* DemoApp */ = {
			isa = PBXGroup;
			children = (
				8B235BD72B560B080018C205 /* AppDelegate.swift */,
				8B235BD92B560B080018C205 /* SceneDelegate.swift */,
				8B235BE02B560B0E0018C205 /* Assets.xcassets */,
				8B235BE22B560B0E0018C205 /* LaunchScreen.storyboard */,
				8B235BE52B560B0E0018C205 /* Info.plist */,
			);
			path = DemoApp;
			sourceTree = "<group>";
		};
		8B235BED2B560B0E0018C205 /* DemoAppTests */ = {
			isa = PBXGroup;
			children = (
				8B235BEE2B560B0E0018C205 /* DemoAppTests.swift */,
			);
			path = DemoAppTests;
			sourceTree = "<group>";
		};
		8B235BF72B560B0E0018C205 /* DemoAppUITests */ = {
			isa = PBXGroup;
			children = (
				8B235BF82B560B0E0018C205 /* DemoAppUITests.swift */,
				8B235BFA2B560B0E0018C205 /* DemoAppUITestsLaunchTests.swift */,
			);
			path = DemoAppUITests;
			sourceTree = "<group>";
		};
/* End PBXGroup section */

/* Begin PBXNativeTarget section */
		8B235BD32B560B080018C205 /* DemoApp */ = {
			isa = PBXNativeTarget;
			buildConfigurationList = 8B235BFE2B560B0E0018C205 /* Build configuration list for PBXNativeTarget "DemoApp" */;
			buildPhases = (
				8B235BD02B560B080018C205 /* Sources */,
				8B235BD12B560B080018C205 /* Frameworks */,
				8B235BD22B560B080018C205 /* Resources */,
			);
			buildRules = (
			);
			dependencies = (
			);
			name = DemoApp;
			productName = DemoApp;
			productReference = 8B235BD42B560B080018C205 /* DemoApp.app */;
			productType = "com.apple.product-type.application";
		};
		8B235BE92B560B0E0018C205 /* DemoAppTests */ = {
			isa = PBXNativeTarget;
			buildConfigurationList = 8B235C012B560B0E0018C205 /* Build configuration list for PBXNativeTarget "DemoAppTests" */;
			buildPhases = (
				8B235BE62B560B0E0018C205 /* Sources */,
				8B235BE72B560B0E0018C205 /* Frameworks */,
				8B235BE82B560B0E0018C205 /* Resources */,
			);
			buildRules = (
			);
			dependencies = (
				8B235BEC2B560B0E0018C205 /* PBXTargetDependency */,
			);
			name = DemoAppTests;
			productName = DemoAppTests;
			productReference = 8B235BEA2B560B0E0018C205 /* DemoAppTests.xctest */;
			productType = "com.apple.product-type.bundle.unit-test";
		};
		8B235BF32B560B0E0018C205 /* DemoAppUITests */ = {
			isa = PBXNativeTarget;
			buildConfigurationList = 8B235C042B560B0E0018C205 /* Build configuration list for PBXNativeTarget "DemoAppUITests" */;
			buildPhases = (
				8B235BF02B560B0E0018C205 /* Sources */,
				8B235BF12B560B0E0018C205 /* Frameworks */,
				8B235BF22B560B0E0018C205 /* Resources */,
			);
			buildRules = (
			);
			dependencies = (
				8B235BF62B560B0E0018C205 /* PBXTargetDependency */,
			);
			name = DemoAppUITests;
			productName = DemoAppUITests;
			productReference = 8B235BF42B560B0E0018C205 /* DemoAppUITests.xctest */;
			productType = "com.apple.product-type.bundle.ui-testing";
		};
/* End PBXNativeTarget section */

/* Begin PBXProject section */
		8B235BCC2B560B080018C205 /* Project object */ = {
			isa = PBXProject;
			attributes = {
				BuildIndependentTargetsInParallel = 1;
				LastSwiftUpdateCheck = 1500;
				LastUpgradeCheck = 1500;
				TargetAttributes = {
					8B235BD32B560B080018C205 = {
						CreatedOnToolsVersion = 15.0.1;
					};
					8B235BE92B560B0E0018C205 = {
						CreatedOnToolsVersion = 15.0.1;
						TestTargetID = 8B235BD32B560B080018C205;
					};
					8B235BF32B560B0E0018C205 = {
						CreatedOnToolsVersion = 15.0.1;
						TestTargetID = 8B235BD32B560B080018C205;
					};
				};
			};
			buildConfigurationList = 8B235BCF2B560B080018C205 /* Build configuration list for PBXProject "DemoApp" */;
			compatibilityVersion = "Xcode 14.0";
			developmentRegion = en;
			hasScannedForEncodings = 0;
			knownRegions = (
				en,
				Base,
			);
			mainGroup = 8B235BCB2B560B080018C205;
			productRefGroup = 8B235BD52B560B080018C205 /* Products */;
			projectDirPath = "";
			projectRoot = "";
			targets = (
				8B235BD32B560B080018C205 /* DemoApp */,
				8B235BE92B560B0E0018C205 /* DemoAppTests */,
				8B235BF32B560B0E0018C205 /* DemoAppUITests */,
			);
		};
/* End PBXProject section */

/* Begin PBXResourcesBuildPhase section */
		8B235BD22B560B080018C205 /* Resources */ = {
			isa = PBXResourcesBuildPhase;
			buildActionMask = 2147483647;
			files = (
				8B235BE42B560B0E0018C205 /* LaunchScreen.storyboard in Resources */,
				8B235BE12B560B0E0018C205 /* Assets.xcassets in Resources */,
			);
			runOnlyForDeploymentPostprocessing = 0;
		};
		8B235BE82B560B0E0018C205 /* Resources */ = {
			isa = PBXResourcesBuildPhase;
			buildActionMask = 2147483647;
			files = (
			);
			runOnlyForDeploymentPostprocessing = 0;
		};
		8B235BF22B560B0E0018C205 /* Resources */ = {
			isa = PBXResourcesBuildPhase;
			buildActionMask = 2147483647;
			files = (
			);
			runOnlyForDeploymentPostprocessing = 0;
		};
/* End PBXResourcesBuildPhase section */

/* Begin PBXSourcesBuildPhase section */
		8B235BD02B560B080018C205 /* Sources */ = {
			isa = PBXSourcesBuildPhase;
			buildActionMask = 2147483647;
			files = (
				8B235BD82B560B080018C205 /* AppDelegate.swift in Sources */,
				8B235BDA2B560B080018C205 /* SceneDelegate.swift in Sources */,
			);
			runOnlyForDeploymentPostprocessing = 0;
		};
		8B235BE62B560B0E0018C205 /* Sources */ = {
			isa = PBXSourcesBuildPhase;
			buildActionMask = 2147483647;
			files = (
				8B235BEF2B560B0E0018C205 /* DemoAppTests.swift in Sources */,
			);
			runOnlyForDeploymentPostprocessing = 0;
		};
		8B235BF02B560B0E0018C205 /* Sources */ = {
			isa = PBXSourcesBuildPhase;
			buildActionMask = 2147483647;
			files = (
				8B235BF92B560B0E0018C205 /* DemoAppUITests.swift in Sources */,
				8B235BFB2B560B0E0018C205 /* DemoAppUITestsLaunchTests.swift in Sources */,
			);
			runOnlyForDeploymentPostprocessing = 0;
		};
/* End PBXSourcesBuildPhase section */

/* Begin PBXTargetDependency section */
		8B235BEC2B560B0E0018C205 /* PBXTargetDependency */ = {
			isa = PBXTargetDependency;
			target = 8B235BD32B560B080018C205 /* DemoApp */;
			targetProxy = 8B235BEB2B560B0E0018C205 /* PBXContainerItemProxy */;
		};
		8B235BF62B560B0E0018C205 /* PBXTargetDependency */ = {
			isa = PBXTargetDependency;
			target = 8B235BD32B560B080018C205 /* DemoApp */;
			targetProxy = 8B235BF52B560B0E0018C205 /* PBXContainerItemProxy */;
		};
/* End PBXTargetDependency section */

/* Begin PBXVariantGroup section */
		8B235BE22B560B0E0018C205 /* LaunchScreen.storyboard */ = {
			isa = PBXVariantGroup;
			children = (
				8B235BE32B560B0E0018C205 /* Base */,
			);
			name = LaunchScreen.storyboard;
			sourceTree = "<group>";
		};
/* End PBXVariantGroup section */

/* Begin XCBuildConfiguration section */
		8B235BFC2B560B0E0018C205 /* Debug */ = {
			isa = XCBuildConfiguration;
			buildSettings = {
				ALWAYS_SEARCH_USER_PATHS = NO;
				ASSETCATALOG_COMPILER_GENERATE_SWIFT_ASSET_SYMBOL_EXTENSIONS = YES;
				CLANG_ANALYZER_NONNULL = YES;
				CLANG_ANALYZER_NUMBER_OBJECT_CONVERSION = YES_AGGRESSIVE;
				CLANG_CXX_LANGUAGE_STANDARD = "gnu++20";
				CLANG_ENABLE_MODULES = YES;
				CLANG_ENABLE_OBJC_ARC = YES;
				CLANG_ENABLE_OBJC_WEAK = YES;
				CLANG_WARN_BLOCK_CAPTURE_AUTORELEASING = YES;
				CLANG_WARN_BOOL_CONVERSION = YES;
				CLANG_WARN_COMMA = YES;
				CLANG_WARN_CONSTANT_CONVERSION = YES;
				CLANG_WARN_DEPRECATED_OBJC_IMPLEMENTATIONS = YES;
				CLANG_WARN_DIRECT_OBJC_ISA_USAGE = YES_ERROR;
				CLANG_WARN_DOCUMENTATION_COMMENTS = YES;
				CLANG_WARN_EMPTY_BODY = YES;
				CLANG_WARN_ENUM_CONVERSION = YES;
				CLANG_WARN_INFINITE_RECURSION = YES;
				CLANG_WARN_INT_CONVERSION = YES;
				CLANG_WARN_NON_LITERAL_NULL_CONVERSION = YES;
				CLANG_WARN_OBJC_IMPLICIT_RETAIN_SELF = YES;
				CLANG_WARN_OBJC_LITERAL_CONVERSION = YES;
				CLANG_WARN_OBJC_ROOT_CLASS = YES_ERROR;
				CLANG_WARN_QUOTED_INCLUDE_IN_FRAMEWORK_HEADER = YES;
				CLANG_WARN_RANGE_LOOP_ANALYSIS = YES;
				CLANG_WARN_STRICT_PROTOTYPES = YES;
				CLANG_WARN_SUSPICIOUS_MOVE = YES;
				CLANG_WARN_UNGUARDED_AVAILABILITY = YES_AGGRESSIVE;
				CLANG_WARN_UNREACHABLE_CODE = YES;
				CLANG_WARN__DUPLICATE_METHOD_MATCH = YES;
				COPY_PHASE_STRIP = NO;
				DEBUG_INFORMATION_FORMAT = dwarf;
				ENABLE_STRICT_OBJC_MSGSEND = YES;
				ENABLE_TESTABILITY = YES;
				ENABLE_USER_SCRIPT_SANDBOXING = YES;
				GCC_C_LANGUAGE_STANDARD = gnu17;
				GCC_DYNAMIC_NO_PIC = NO;
				GCC_NO_COMMON_BLOCKS = YES;
				GCC_OPTIMIZATION_LEVEL = 0;
				GCC_PREPROCESSOR_DEFINITIONS = (
					"DEBUG=1",
					"$(inherited)",
				);
				GCC_WARN_64_TO_32_BIT_CONVERSION = YES;
				GCC_WARN_ABOUT_RETURN_TYPE = YES_ERROR;
				GCC_WARN_UNDECLARED_SELECTOR = YES;
				GCC_WARN_UNINITIALIZED_AUTOS = YES_AGGRESSIVE;
				GCC_WARN_UNUSED_FUNCTION = YES;
				GCC_WARN_UNUSED_VARIABLE = YES;
				IPHONEOS_DEPLOYMENT_TARGET = 15.2;
				LOCALIZATION_PREFERS_STRING_CATALOGS = YES;
				MTL_ENABLE_DEBUG_INFO = INCLUDE_SOURCE;
				MTL_FAST_MATH = YES;
				ONLY_ACTIVE_ARCH = YES;
				SDKROOT = iphoneos;
				SWIFT_ACTIVE_COMPILATION_CONDITIONS = "DEBUG $(inherited)";
				SWIFT_OPTIMIZATION_LEVEL = "-Onone";
			};
			name = Debug;
		};
		8B235BFD2B560B0E0018C205 /* Release */ = {
			isa = XCBuildConfiguration;
			buildSettings = {
				ALWAYS_SEARCH_USER_PATHS = NO;
				ASSETCATALOG_COMPILER_GENERATE_SWIFT_ASSET_SYMBOL_EXTENSIONS = YES;
				CLANG_ANALYZER_NONNULL = YES;
				CLANG_ANALYZER_NUMBER_OBJECT_CONVERSION = YES_AGGRESSIVE;
				CLANG_CXX_LANGUAGE_STANDARD = "gnu++20";
				CLANG_ENABLE_MODULES = YES;
				CLANG_ENABLE_OBJC_ARC = YES;
				CLANG_ENABLE_OBJC_WEAK = YES;
				CLANG_WARN_BLOCK_CAPTURE_AUTORELEASING = YES;
				CLANG_WARN_BOOL_CONVERSION = YES;
				CLANG_WARN_COMMA = YES;
				CLANG_WARN_CONSTANT_CONVERSION = YES;
				CLANG_WARN_DEPRECATED_OBJC_IMPLEMENTATIONS = YES;
				CLANG_WARN_DIRECT_OBJC_ISA_USAGE = YES_ERROR;
				CLANG_WARN_DOCUMENTATION_COMMENTS = YES;
				CLANG_WARN_EMPTY_BODY = YES;
				CLANG_WARN_ENUM_CONVERSION = YES;
				CLANG_WARN_INFINITE_RECURSION = YES;
				CLANG_WARN_INT_CONVERSION = YES;
				CLANG_WARN_NON_LITERAL_NULL_CONVERSION = YES;
				CLANG_WARN_OBJC_IMPLICIT_RETAIN_SELF = YES;
				CLANG_WARN_OBJC_LITERAL_CONVERSION = YES;
				CLANG_WARN_OBJC_ROOT_CLASS = YES_ERROR;
				CLANG_WARN_QUOTED_INCLUDE_IN_FRAMEWORK_HEADER = YES;
				CLANG_WARN_RANGE_LOOP_ANALYSIS = YES;
				CLANG_WARN_STRICT_PROTOTYPES = YES;
				CLANG_WARN_SUSPICIOUS_MOVE = YES;
				CLANG_WARN_UNGUARDED_AVAILABILITY = YES_AGGRESSIVE;
				CLANG_WARN_UNREACHABLE_CODE = YES;
				CLANG_WARN__DUPLICATE_METHOD_MATCH = YES;
				COPY_PHASE_STRIP = NO;
				DEBUG_INFORMATION_FORMAT = "dwarf-with-dsym";
				ENABLE_NS_ASSERTIONS = NO;
				ENABLE_STRICT_OBJC_MSGSEND = YES;
				ENABLE_USER_SCRIPT_SANDBOXING = YES;
				GCC_C_LANGUAGE_STANDARD = gnu17;
				GCC_NO_COMMON_BLOCKS = YES;
				GCC_WARN_64_TO_32_BIT_CONVERSION = YES;
				GCC_WARN_ABOUT_RETURN_TYPE = YES_ERROR;
				GCC_WARN_UNDECLARED_SELECTOR = YES;
				GCC_WARN_UNINITIALIZED_AUTOS = YES_AGGRESSIVE;
				GCC_WARN_UNUSED_FUNCTION = YES;
				GCC_WARN_UNUSED_VARIABLE = YES;
				IPHONEOS_DEPLOYMENT_TARGET = 15.2;
				LOCALIZATION_PREFERS_STRING_CATALOGS = YES;
				MTL_ENABLE_DEBUG_INFO = NO;
				MTL_FAST_MATH = YES;
				SDKROOT = iphoneos;
				SWIFT_COMPILATION_MODE = wholemodule;
				VALIDATE_PRODUCT = YES;
			};
			name = Release;
		};
		8B235BFF2B560B0E0018C205 /* Debug */ = {
			isa = XCBuildConfiguration;
			buildSettings = {
				ASSETCATALOG_COMPILER_APPICON_NAME = AppIcon;
				ASSETCATALOG_COMPILER_GLOBAL_ACCENT_COLOR_NAME = AccentColor;
				CODE_SIGN_STYLE = Automatic;
				CURRENT_PROJECT_VERSION = 1;
				DEVELOPMENT_TEAM = W3L4T944MU;
				GENERATE_INFOPLIST_FILE = YES;
				INFOPLIST_FILE = DemoApp/Info.plist;
				INFOPLIST_KEY_UIApplicationSupportsIndirectInputEvents = YES;
				INFOPLIST_KEY_UILaunchStoryboardName = LaunchScreen;
				INFOPLIST_KEY_UIMainStoryboardFile = Main;
				INFOPLIST_KEY_UISupportedInterfaceOrientations = UIInterfaceOrientationPortrait;
				INFOPLIST_KEY_UISupportedInterfaceOrientations_iPad = "UIInterfaceOrientationLandscapeLeft UIInterfaceOrientationLandscapeRight UIInterfaceOrientationPortrait UIInterfaceOrientationPortraitUpsideDown";
				IPHONEOS_DEPLOYMENT_TARGET = 15.2;
				LD_RUNPATH_SEARCH_PATHS = (
					"$(inherited)",
					"@executable_path/Frameworks",
				);
				MARKETING_VERSION = 1.0;
				PRODUCT_BUNDLE_IDENTIFIER = com.pinyi.DemoApp;
				PRODUCT_NAME = "$(TARGET_NAME)";
				SUPPORTED_PLATFORMS = "iphoneos iphonesimulator";
				SUPPORTS_MACCATALYST = NO;
				SUPPORTS_MAC_DESIGNED_FOR_IPHONE_IPAD = NO;
				SWIFT_EMIT_LOC_STRINGS = YES;
				SWIFT_VERSION = 5.0;
				TARGETED_DEVICE_FAMILY = "1,2";
			};
			name = Debug;
		};
		8B235C002B560B0E0018C205 /* Release */ = {
			isa = XCBuildConfiguration;
			buildSettings = {
				ASSETCATALOG_COMPILER_APPICON_NAME = AppIcon;
				ASSETCATALOG_COMPILER_GLOBAL_ACCENT_COLOR_NAME = AccentColor;
				CODE_SIGN_STYLE = Automatic;
				CURRENT_PROJECT_VERSION = 1;
				DEVELOPMENT_TEAM = W3L4T944MU;
				GENERATE_INFOPLIST_FILE = YES;
				INFOPLIST_FILE = DemoApp/Info.plist;
				INFOPLIST_KEY_UIApplicationSupportsIndirectInputEvents = YES;
				INFOPLIST_KEY_UILaunchStoryboardName = LaunchScreen;
				INFOPLIST_KEY_UIMainStoryboardFile = Main;
				INFOPLIST_KEY_UISupportedInterfaceOrientations = UIInterfaceOrientationPortrait;
				INFOPLIST_KEY_UISupportedInterfaceOrientations_iPad = "UIInterfaceOrientationLandscapeLeft UIInterfaceOrientationLandscapeRight UIInterfaceOrientationPortrait UIInterfaceOrientationPortraitUpsideDown";
				IPHONEOS_DEPLOYMENT_TARGET = 15.2;
				LD_RUNPATH_SEARCH_PATHS = (
					"$(inherited)",
					"@executable_path/Frameworks",
				);
				MARKETING_VERSION = 1.0;
				PRODUCT_BUNDLE_IDENTIFIER = com.pinyi.DemoApp;
				PRODUCT_NAME = "$(TARGET_NAME)";
				SUPPORTED_PLATFORMS = "iphoneos iphonesimulator";
				SUPPORTS_MACCATALYST = NO;
				SUPPORTS_MAC_DESIGNED_FOR_IPHONE_IPAD = NO;
				SWIFT_EMIT_LOC_STRINGS = YES;
				SWIFT_VERSION = 5.0;
				TARGETED_DEVICE_FAMILY = "1,2";
			};
			name = Release;
		};
		8B235C022B560B0E0018C205 /* Debug */ = {
			isa = XCBuildConfiguration;
			buildSettings = {
				ALWAYS_EMBED_SWIFT_STANDARD_LIBRARIES = YES;
				BUNDLE_LOADER = "$(TEST_HOST)";
				CODE_SIGN_STYLE = Automatic;
				CURRENT_PROJECT_VERSION = 1;
				DEVELOPMENT_TEAM = W3L4T944MU;
				GENERATE_INFOPLIST_FILE = YES;
				IPHONEOS_DEPLOYMENT_TARGET = 17.0;
				MARKETING_VERSION = 1.0;
				PRODUCT_BUNDLE_IDENTIFIER = com.pinyi.DemoAppTests;
				PRODUCT_NAME = "$(TARGET_NAME)";
				SWIFT_EMIT_LOC_STRINGS = NO;
				SWIFT_VERSION = 5.0;
				TARGETED_DEVICE_FAMILY = "1,2";
				TEST_HOST = "$(BUILT_PRODUCTS_DIR)/DemoApp.app/$(BUNDLE_EXECUTABLE_FOLDER_PATH)/DemoApp";
			};
			name = Debug;
		};
		8B235C032B560B0E0018C205 /* Release */ = {
			isa = XCBuildConfiguration;
			buildSettings = {
				ALWAYS_EMBED_SWIFT_STANDARD_LIBRARIES = YES;
				BUNDLE_LOADER = "$(TEST_HOST)";
				CODE_SIGN_STYLE = Automatic;
				CURRENT_PROJECT_VERSION = 1;
				DEVELOPMENT_TEAM = W3L4T944MU;
				GENERATE_INFOPLIST_FILE = YES;
				IPHONEOS_DEPLOYMENT_TARGET = 17.0;
				MARKETING_VERSION = 1.0;
				PRODUCT_BUNDLE_IDENTIFIER = com.pinyi.DemoAppTests;
				PRODUCT_NAME = "$(TARGET_NAME)";
				SWIFT_EMIT_LOC_STRINGS = NO;
				SWIFT_VERSION = 5.0;
				TARGETED_DEVICE_FAMILY = "1,2";
				TEST_HOST = "$(BUILT_PRODUCTS_DIR)/DemoApp.app/$(BUNDLE_EXECUTABLE_FOLDER_PATH)/DemoApp";
			};
			name = Release;
		};
		8B235C052B560B0E0018C205 /* Debug */ = {
			isa = XCBuildConfiguration;
			buildSettings = {
				ALWAYS_EMBED_SWIFT_STANDARD_LIBRARIES = YES;
				CODE_SIGN_STYLE = Automatic;
				CURRENT_PROJECT_VERSION = 1;
				DEVELOPMENT_TEAM = W3L4T944MU;
				GENERATE_INFOPLIST_FILE = YES;
				MARKETING_VERSION = 1.0;
				PRODUCT_BUNDLE_IDENTIFIER = com.pinyi.DemoAppUITests;
				PRODUCT_NAME = "$(TARGET_NAME)";
				SWIFT_EMIT_LOC_STRINGS = NO;
				SWIFT_VERSION = 5.0;
				TARGETED_DEVICE_FAMILY = "1,2";
				TEST_TARGET_NAME = DemoApp;
			};
			name = Debug;
		};
		8B235C062B560B0E0018C205 /* Release */ = {
			isa = XCBuildConfiguration;
			buildSettings = {
				ALWAYS_EMBED_SWIFT_STANDARD_LIBRARIES = YES;
				CODE_SIGN_STYLE = Automatic;
				CURRENT_PROJECT_VERSION = 1;
				DEVELOPMENT_TEAM = W3L4T944MU;
				GENERATE_INFOPLIST_FILE = YES;
				MARKETING_VERSION = 1.0;
				PRODUCT_BUNDLE_IDENTIFIER = com.pinyi.DemoAppUITests;
				PRODUCT_NAME = "$(TARGET_NAME)";
				SWIFT_EMIT_LOC_STRINGS = NO;
				SWIFT_VERSION = 5.0;
				TARGETED_DEVICE_FAMILY = "1,2";
				TEST_TARGET_NAME = DemoApp;
			};
			name = Release;
		};
/* End XCBuildConfiguration section */

/* Begin XCConfigurationList section */
		8B235BCF2B560B080018C205 /* Build configuration list for PBXProject "DemoApp" */ = {
			isa = XCConfigurationList;
			buildConfigurations = (
				8B235BFC2B560B0E0018C205 /* Debug */,
				8B235BFD2B560B0E0018C205 /* Release */,
			);
			defaultConfigurationIsVisible = 0;
			defaultConfigurationName = Release;
		};
		8B235BFE2B560B0E0018C205 /* Build configuration list for PBXNativeTarget "DemoApp" */ = {
			isa = XCConfigurationList;
			buildConfigurations = (
				8B235BFF2B560B0E0018C205 /* Debug */,
				8B235C002B560B0E0018C205 /* Release */,
			);
			defaultConfigurationIsVisible = 0;
			defaultConfigurationName = Release;
		};
		8B235C012B560B0E0018C205 /* Build configuration list for PBXNativeTarget "DemoAppTests" */ = {
			isa = XCConfigurationList;
			buildConfigurations = (
				8B235C022B560B0E0018C205 /* Debug */,
				8B235C032B560B0E0018C205 /* Release */,
			);
			defaultConfigurationIsVisible = 0;
			defaultConfigurationName = Release;
		};
		8B235C042B560B0E0018C205 /* Build configuration list for PBXNativeTarget "DemoAppUITests" */ = {
			isa = XCConfigurationList;
			buildConfigurations = (
				8B235C052B560B0E0018C205 /* Debug */,
				8B235C062B560B0E0018C205 /* Release */,
			);
			defaultConfigurationIsVisible = 0;
			defaultConfigurationName = Release;
		};
/* End XCConfigurationList section */
	};
	rootObject = 8B235BCC2B560B080018C205 /* Project object */;
}
